
Microsoft Visual Studio Solution File, Format Version 12.00
# Visual Studio Version 16
VisualStudioVersion = 16.0.31205.134
MinimumVisualStudioVersion = 10.0.40219.1
Project("{9A19103F-16F7-4668-BE54-9A1E7A4F7556}") = "CursoWebsite", "CursoWebsite.csproj", "{7D54E584-83EC-4881-83B0-63666F762B7E}"
EndProject
Project("{FAE04EC0-301F-11D3-BF4B-00C04F79EFBC}") = "WebApp.Tests", "..\WebApp.Tests\WebApp.Tests.csproj", "{61CB8836-52C6-4E5A-9E62-91E3588EB157}"
EndProject
Global
	GlobalSection(SolutionConfigurationPlatforms) = preSolution
		Debug|Any CPU = Debug|Any CPU
		Release|Any CPU = Release|Any CPU
	EndGlobalSection
	GlobalSection(ProjectConfigurationPlatforms) = postSolution
		{7D54E584-83EC-4881-83B0-63666F762B7E}.Debug|Any CPU.ActiveCfg = Debug|Any CPU
		{7D54E584-83EC-4881-83B0-63666F762B7E}.Debug|Any CPU.Build.0 = Debug|Any CPU
		{7D54E584-83EC-4881-83B0-63666F762B7E}.Release|Any CPU.ActiveCfg = Release|Any CPU
		{7D54E584-83EC-4881-83B0-63666F762B7E}.Release|Any CPU.Build.0 = Release|Any CPU
		{61CB8836-52C6-4E5A-9E62-91E3588EB157}.Debug|Any CPU.ActiveCfg = Debug|Any CPU
		{61CB8836-52C6-4E5A-9E62-91E3588EB157}.Debug|Any CPU.Build.0 = Debug|Any CPU
		{61CB8836-52C6-4E5A-9E62-91E3588EB157}.Release|Any CPU.ActiveCfg = Release|Any CPU
		{61CB8836-52C6-4E5A-9E62-91E3588EB157}.Release|Any CPU.Build.0 = Release|Any CPU
	EndGlobalSection
	GlobalSection(SolutionProperties) = preSolution
		HideSolutionNode = FALSE
	EndGlobalSection
	GlobalSection(ExtensibilityGlobals) = postSolution
		SolutionGuid = {FFE40572-5BFC-45FF-A177-50ED4D3886BB}
	EndGlobalSection
EndGlobal
